
Microsoft Visual Studio Solution File, Format Version 12.00
# Visual Studio Version 17
VisualStudioVersion = 17.9.34728.123
MinimumVisualStudioVersion = 10.0.40219.1
Project("{8BC9CEB8-8B4A-11D0-8D11-00A0C91BC942}") = "hello", "hello\hello.vcxproj", "{F184721E-36F5-485F-A564-47B1DBBA91D9}"
EndProject
Project("{8BC9CEB8-8B4A-11D0-8D11-00A0C91BC942}") = "bitOperation", "bitOperation\bitOperation.vcxproj", "{3D023674-54C7-4756-946A-E1F6920B2D6E}"
EndProject
Project("{8BC9CEB8-8B4A-11D0-8D11-00A0C91BC942}") = "pointer", "pointer\pointer.vcxproj", "{BFD9E8A8-DF65-4A72-9966-95E84837F3E3}"
EndProject
Global
	GlobalSection(SolutionConfigurationPlatforms) = preSolution
		Debug|x64 = Debug|x64
		Debug|x86 = Debug|x86
		Release|x64 = Release|x64
		Release|x86 = Release|x86
	EndGlobalSection
	GlobalSection(ProjectConfigurationPlatforms) = postSolution
		{F184721E-36F5-485F-A564-47B1DBBA91D9}.Debug|x64.ActiveCfg = Debug|x64
		{F184721E-36F5-485F-A564-47B1DBBA91D9}.Debug|x64.Build.0 = Debug|x64
		{F184721E-36F5-485F-A564-47B1DBBA91D9}.Debug|x86.ActiveCfg = Debug|Win32
		{F184721E-36F5-485F-A564-47B1DBBA91D9}.Debug|x86.Build.0 = Debug|Win32
		{F184721E-36F5-485F-A564-47B1DBBA91D9}.Release|x64.ActiveCfg = Release|x64
		{F184721E-36F5-485F-A564-47B1DBBA91D9}.Release|x64.Build.0 = Release|x64
		{F184721E-36F5-485F-A564-47B1DBBA91D9}.Release|x86.ActiveCfg = Release|Win32
		{F184721E-36F5-485F-A564-47B1DBBA91D9}.Release|x86.Build.0 = Release|Win32
		{3D023674-54C7-4756-946A-E1F6920B2D6E}.Debug|x64.ActiveCfg = Debug|x64
		{3D023674-54C7-4756-946A-E1F6920B2D6E}.Debug|x64.Build.0 = Debug|x64
		{3D023674-54C7-4756-946A-E1F6920B2D6E}.Debug|x86.ActiveCfg = Debug|Win32
		{3D023674-54C7-4756-946A-E1F6920B2D6E}.Debug|x86.Build.0 = Debug|Win32
		{3D023674-54C7-4756-946A-E1F6920B2D6E}.Release|x64.ActiveCfg = Release|x64
		{3D023674-54C7-4756-946A-E1F6920B2D6E}.Release|x64.Build.0 = Release|x64
		{3D023674-54C7-4756-946A-E1F6920B2D6E}.Release|x86.ActiveCfg = Release|Win32
		{3D023674-54C7-4756-946A-E1F6920B2D6E}.Release|x86.Build.0 = Release|Win32
		{BFD9E8A8-DF65-4A72-9966-95E84837F3E3}.Debug|x64.ActiveCfg = Debug|x64
		{BFD9E8A8-DF65-4A72-9966-95E84837F3E3}.Debug|x64.Build.0 = Debug|x64
		{BFD9E8A8-DF65-4A72-9966-95E84837F3E3}.Debug|x86.ActiveCfg = Debug|Win32
		{BFD9E8A8-DF65-4A72-9966-95E84837F3E3}.Debug|x86.Build.0 = Debug|Win32
		{BFD9E8A8-DF65-4A72-9966-95E84837F3E3}.Release|x64.ActiveCfg = Release|x64
		{BFD9E8A8-DF65-4A72-9966-95E84837F3E3}.Release|x64.Build.0 = Release|x64
		{BFD9E8A8-DF65-4A72-9966-95E84837F3E3}.Release|x86.ActiveCfg = Release|Win32
		{BFD9E8A8-DF65-4A72-9966-95E84837F3E3}.Release|x86.Build.0 = Release|Win32
	EndGlobalSection
	GlobalSection(SolutionProperties) = preSolution
		HideSolutionNode = FALSE
	EndGlobalSection
	GlobalSection(ExtensibilityGlobals) = postSolution
		SolutionGuid = {B7EB6A3F-69B4-46EE-8C04-B49C57E01A07}
	EndGlobalSection
EndGlobal
